# THIS IS AN AUTOGENERATED FILE. DO NOT EDIT THIS FILE DIRECTLY.
# yarn lockfile v1


milligram-stylus@^1.3.0:
  version "1.3.0"
  resolved "https://registry.yarnpkg.com/milligram-stylus/-/milligram-stylus-1.3.0.tgz#faf8377f7ebc26410ec18b5f5f3a38195c45efbf"
  integrity sha1-+vg3f368JkEOwYtfXzo4GVxF778=
  dependencies:
    normalize.css "~5.0.0"

normalize.css@~5.0.0:
  version "5.0.0"
  resolved "https://registry.yarnpkg.com/normalize.css/-/normalize.css-5.0.0.tgz#7cec875ce8178a5333c4de80b68ea9c18b9d7c37"
  integrity sha1-fOyHXOgXilMzxN6Ato6pwYudfDc=
